id: binary_decoder_binary_ppm_decoder
label: Binary PPM Decoder
category: '[Binary Decoder]'

templates:
  imports: import binary_decoder
  make: binary_decoder.binary_ppm_decoder(${samples_per_pulse}, ${samples_per_gap}, ${max_deviation}, ${max_packet_length})

parameters:
  - id: samples_per_pulse
    label: Samples per Pulse
    dtype: int
  - id: samples_per_gap
    label: Samples per Gap
    dtype: raw
  - id: max_deviation
    label: Max Deviation
    dtype: int
  - id: max_packet_length
    label: Max Packet Length
    dtype: int
    default: 64

inputs:
  - label: in
    dtype: byte
    vlen: 1

outputs:
  - label: out
    dtype: byte
    vlen: 1

file_format: 1
