id: binary_decoder_binary_message_processor
label: Binary Message Processor
category: '[Binary Decoder]'

templates:
  imports: import binary_decoder
  make: binary_decoder.binary_message_processor(${in_type}, ${out_type}, ${code})

parameters:
  - id: in_type
    label: Input Type
    dtype: enum
    default: binary_decoder.MessageType
    options: [binary_decoder.MessageType.RAW, binary_decoder.MessageType.PYTHON, binary_decoder.MessageType.PDU]
    option_labels: [Raw PMT, Pythonic, PDU]
  - id: out_type
    label: Output Type
    dtype: enum
    default: binary_decoder.MessageType
    options: [binary_decoder.MessageType.RAW, binary_decoder.MessageType.PYTHON, binary_decoder.MessageType.PDU]
    option_labels: [Raw PMT, Pythonic, PDU]
  - id: code
    label: Code
    dtype: _multiline
    default: pass

inputs:
  - domain: message
    id: in

outputs:
  - domain: message
    id: out
    optional: true

file_format: 1
