id: binary_decoder_binary_tagger
label: Binary Tagger
category: '[Binary Decoder]'

templates:
  imports: import binary_decoder
  make: binary_decoder.binary_tagger(${key}, ${max_quiet_samples})

parameters:
- id: key
  label: key
  dtype: string
  default: binary_transmission
- id: max_quiet_samples
  label: max_quiet_samples
  dtype: int

inputs:
- label: in
  dtype: byte
  vlen: 1

outputs:
- label: out
  dtype: byte #!-- e.g. int, float, complex, byte, short, xxx_vector, ...--
  vlen: 1

file_format: 1
