id: binary_decoder_binary_message_debug_sink
label: Binary Message Debug Sink
category: '[Binary Decoder]'

templates:
  imports: import binary_decoder
  make: binary_decoder.binary_message_debug_sink(${output}, ${binary_output}, ${bytes_per_sep})

parameters:
  - id: output
    label: Output Format
    dtype: enum
    default: binary_decoder.OutputType.RAW
    options: [binary_decoder.OutputType.RAW, binary_decoder.OutputType.PYTHON]
    option_labels: [Raw PMT, Pythonic]
  - id: binary_output
    label: Binary Output Format
    dtype: enum
    default: binary_decoder.OutputType.HEX
    options: [binary_decoder.OutputType.RAW, binary_decoder.OutputType.PYTHON, binary_decoder.OutputType.HEX]
    option_labels: [Raw PMT, Pythonic, Hex]
  - id: bytes_per_sep
    label: Bytes per Separator
    dtype: int
    default: 1

inputs:
  - domain: message
    id: in
    optional: true
  - domain: message
    id: pdu_in
    optional: true

file_format: 1
